// !$*UTF8*$!
{
	archiveVersion = 1;
	classes = {
	};
	objectVersion = 51;
	objects = {

/* Begin PBXBuildFile section */
		95B70706EA9AA537CD62E145 /* Pods_flixster_flixsterUITests.framework in Frameworks */ = {isa = PBXBuildFile; fileRef = A8EDCF3924B19B1C690C20D3 /* Pods_flixster_flixsterUITests.framework */; };
		9C3FA2D0A65560C74AE0E7D7 /* Pods_flixster.framework in Frameworks */ = {isa = PBXBuildFile; fileRef = 6CAF5D5FC1C9F91AB28034C4 /* Pods_flixster.framework */; };
		9CAE72B425DC92460096841D /* AppDelegate.swift in Sources */ = {isa = PBXBuildFile; fileRef = 9CAE72B325DC92460096841D /* AppDelegate.swift */; };
		9CAE72B625DC92460096841D /* SceneDelegate.swift in Sources */ = {isa = PBXBuildFile; fileRef = 9CAE72B525DC92460096841D /* SceneDelegate.swift */; };
		9CAE72BB25DC92460096841D /* Main.storyboard in Resources */ = {isa = PBXBuildFile; fileRef = 9CAE72B925DC92460096841D /* Main.storyboard */; };
		9CAE72BD25DC92470096841D /* Assets.xcassets in Resources */ = {isa = PBXBuildFile; fileRef = 9CAE72BC25DC92470096841D /* Assets.xcassets */; };
		9CAE72C025DC92470096841D /* LaunchScreen.storyboard in Resources */ = {isa = PBXBuildFile; fileRef = 9CAE72BE25DC92470096841D /* LaunchScreen.storyboard */; };
		9CAE72CB25DC92470096841D /* flixsterTests.swift in Sources */ = {isa = PBXBuildFile; fileRef = 9CAE72CA25DC92470096841D /* flixsterTests.swift */; };
		9CAE72D625DC92470096841D /* flixsterUITests.swift in Sources */ = {isa = PBXBuildFile; fileRef = 9CAE72D525DC92470096841D /* flixsterUITests.swift */; };
		9CAE72EA25DC989E0096841D /* MoviesViewController.swift in Sources */ = {isa = PBXBuildFile; fileRef = 9CAE72E925DC989E0096841D /* MoviesViewController.swift */; };
		9CAE72EF25DCBBAB0096841D /* MovieCell.swift in Sources */ = {isa = PBXBuildFile; fileRef = 9CAE72EE25DCBBAB0096841D /* MovieCell.swift */; };
		9CC6C9760763628B4B632252 /* Pods_flixsterTests.framework in Frameworks */ = {isa = PBXBuildFile; fileRef = DA96BABCEB632015B58D3C63 /* Pods_flixsterTests.framework */; };
/* End PBXBuildFile section */

/* Begin PBXContainerItemProxy section */
		9CAE72C725DC92470096841D /* PBXContainerItemProxy */ = {
			isa = PBXContainerItemProxy;
			containerPortal = 9CAE72A825DC92460096841D /* Project object */;
			proxyType = 1;
			remoteGlobalIDString = 9CAE72AF25DC92460096841D;
			remoteInfo = flixster;
		};
		9CAE72D225DC92470096841D /* PBXContainerItemProxy */ = {
			isa = PBXContainerItemProxy;
			containerPortal = 9CAE72A825DC92460096841D /* Project object */;
			proxyType = 1;
			remoteGlobalIDString = 9CAE72AF25DC92460096841D;
			remoteInfo = flixster;
		};
/* End PBXContainerItemProxy section */

/* Begin PBXFileReference section */
		6020872D098B249D157A0D56 /* Pods-flixster-flixsterUITests.release.xcconfig */ = {isa = PBXFileReference; includeInIndex = 1; lastKnownFileType = text.xcconfig; name = "Pods-flixster-flixsterUITests.release.xcconfig"; path = "Target Support Files/Pods-flixster-flixsterUITests/Pods-flixster-flixsterUITests.release.xcconfig"; sourceTree = "<group>"; };
		6CAF5D5FC1C9F91AB28034C4 /* Pods_flixster.framework */ = {isa = PBXFileReference; explicitFileType = wrapper.framework; includeInIndex = 0; path = Pods_flixster.framework; sourceTree = BUILT_PRODUCTS_DIR; };
		7DF74F4261FAF2A0A08BE838 /* Pods-flixsterTests.debug.xcconfig */ = {isa = PBXFileReference; includeInIndex = 1; lastKnownFileType = text.xcconfig; name = "Pods-flixsterTests.debug.xcconfig"; path = "Target Support Files/Pods-flixsterTests/Pods-flixsterTests.debug.xcconfig"; sourceTree = "<group>"; };
		9BE6F7465359D2CC6115ECBB /* Pods-flixster.release.xcconfig */ = {isa = PBXFileReference; includeInIndex = 1; lastKnownFileType = text.xcconfig; name = "Pods-flixster.release.xcconfig"; path = "Target Support Files/Pods-flixster/Pods-flixster.release.xcconfig"; sourceTree = "<group>"; };
		9CAE72B025DC92460096841D /* flixster.app */ = {isa = PBXFileReference; explicitFileType = wrapper.application; includeInIndex = 0; path = flixster.app; sourceTree = BUILT_PRODUCTS_DIR; };
		9CAE72B325DC92460096841D /* AppDelegate.swift */ = {isa = PBXFileReference; lastKnownFileType = sourcecode.swift; path = AppDelegate.swift; sourceTree = "<group>"; };
		9CAE72B525DC92460096841D /* SceneDelegate.swift */ = {isa = PBXFileReference; lastKnownFileType = sourcecode.swift; path = SceneDelegate.swift; sourceTree = "<group>"; };
		9CAE72BA25DC92460096841D /* Base */ = {isa = PBXFileReference; lastKnownFileType = file.storyboard; name = Base; path = Base.lproj/Main.storyboard; sourceTree = "<group>"; };
		9CAE72BC25DC92470096841D /* Assets.xcassets */ = {isa = PBXFileReference; lastKnownFileType = folder.assetcatalog; path = Assets.xcassets; sourceTree = "<group>"; };
		9CAE72BF25DC92470096841D /* Base */ = {isa = PBXFileReference; lastKnownFileType = file.storyboard; name = Base; path = Base.lproj/LaunchScreen.storyboard; sourceTree = "<group>"; };
		9CAE72C125DC92470096841D /* Info.plist */ = {isa = PBXFileReference; lastKnownFileType = text.plist.xml; path = Info.plist; sourceTree = "<group>"; };
		9CAE72C625DC92470096841D /* flixsterTests.xctest */ = {isa = PBXFileReference; explicitFileType = wrapper.cfbundle; includeInIndex = 0; path = flixsterTests.xctest; sourceTree = BUILT_PRODUCTS_DIR; };
		9CAE72CA25DC92470096841D /* flixsterTests.swift */ = {isa = PBXFileReference; lastKnownFileType = sourcecode.swift; path = flixsterTests.swift; sourceTree = "<group>"; };
		9CAE72CC25DC92470096841D /* Info.plist */ = {isa = PBXFileReference; lastKnownFileType = text.plist.xml; path = Info.plist; sourceTree = "<group>"; };
		9CAE72D125DC92470096841D /* flixsterUITests.xctest */ = {isa = PBXFileReference; explicitFileType = wrapper.cfbundle; includeInIndex = 0; path = flixsterUITests.xctest; sourceTree = BUILT_PRODUCTS_DIR; };
		9CAE72D525DC92470096841D /* flixsterUITests.swift */ = {isa = PBXFileReference; lastKnownFileType = sourcecode.swift; path = flixsterUITests.swift; sourceTree = "<group>"; };
		9CAE72D725DC92470096841D /* Info.plist */ = {isa = PBXFileReference; lastKnownFileType = text.plist.xml; path = Info.plist; sourceTree = "<group>"; };
		9CAE72E925DC989E0096841D /* MoviesViewController.swift */ = {isa = PBXFileReference; lastKnownFileType = sourcecode.swift; path = MoviesViewController.swift; sourceTree = "<group>"; };
		9CAE72EE25DCBBAB0096841D /* MovieCell.swift */ = {isa = PBXFileReference; lastKnownFileType = sourcecode.swift; path = MovieCell.swift; sourceTree = "<group>"; };
		A1C124276971CBDEA936D989 /* Pods-flixsterTests.release.xcconfig */ = {isa = PBXFileReference; includeInIndex = 1; lastKnownFileType = text.xcconfig; name = "Pods-flixsterTests.release.xcconfig"; path = "Target Support Files/Pods-flixsterTests/Pods-flixsterTests.release.xcconfig"; sourceTree = "<group>"; };
		A8EDCF3924B19B1C690C20D3 /* Pods_flixster_flixsterUITests.framework */ = {isa = PBXFileReference; explicitFileType = wrapper.framework; includeInIndex = 0; path = Pods_flixster_flixsterUITests.framework; sourceTree = BUILT_PRODUCTS_DIR; };
		C664C29EAE7F167DAB641E52 /* Pods-flixster.debug.xcconfig */ = {isa = PBXFileReference; includeInIndex = 1; lastKnownFileType = text.xcconfig; name = "Pods-flixster.debug.xcconfig"; path = "Target Support Files/Pods-flixster/Pods-flixster.debug.xcconfig"; sourceTree = "<group>"; };
		DA96BABCEB632015B58D3C63 /* Pods_flixsterTests.framework */ = {isa = PBXFileReference; explicitFileType = wrapper.framework; includeInIndex = 0; path = Pods_flixsterTests.framework; sourceTree = BUILT_PRODUCTS_DIR; };
		FE4EE1F7B8957D2E6B367A1D /* Pods-flixster-flixsterUITests.debug.xcconfig */ = {isa = PBXFileReference; includeInIndex = 1; lastKnownFileType = text.xcconfig; name = "Pods-flixster-flixsterUITests.debug.xcconfig"; path = "Target Support Files/Pods-flixster-flixsterUITests/Pods-flixster-flixsterUITests.debug.xcconfig"; sourceTree = "<group>"; };
/* End PBXFileReference section */

/* Begin PBXFrameworksBuildPhase section */
		9CAE72AD25DC92460096841D /* Frameworks */ = {
			isa = PBXFrameworksBuildPhase;
			buildActionMask = 2147483647;
			files = (
				9C3FA2D0A65560C74AE0E7D7 /* Pods_flixster.framework in Frameworks */,
			);
			runOnlyForDeploymentPostprocessing = 0;
		};
		9CAE72C325DC92470096841D /* Frameworks */ = {
			isa = PBXFrameworksBuildPhase;
			buildActionMask = 2147483647;
			files = (
				9CC6C9760763628B4B632252 /* Pods_flixsterTests.framework in Frameworks */,
			);
			runOnlyForDeploymentPostprocessing = 0;
		};
		9CAE72CE25DC92470096841D /* Frameworks */ = {
			isa = PBXFrameworksBuildPhase;
			buildActionMask = 2147483647;
			files = (
				95B70706EA9AA537CD62E145 /* Pods_flixster_flixsterUITests.framework in Frameworks */,
			);
			runOnlyForDeploymentPostprocessing = 0;
		};
/* End PBXFrameworksBuildPhase section */

/* Begin PBXGroup section */
		9CAE72A725DC92460096841D = {
			isa = PBXGroup;
			children = (
				9CAE72B225DC92460096841D /* flixster */,
				9CAE72C925DC92470096841D /* flixsterTests */,
				9CAE72D425DC92470096841D /* flixsterUITests */,
				9CAE72B125DC92460096841D /* Products */,
				B2568D81734323796F81ACF5 /* Pods */,
				E3591D37A440FD5BEFBF666D /* Frameworks */,
			);
			sourceTree = "<group>";
		};
		9CAE72B125DC92460096841D /* Products */ = {
			isa = PBXGroup;
			children = (
				9CAE72B025DC92460096841D /* flixster.app */,
				9CAE72C625DC92470096841D /* flixsterTests.xctest */,
				9CAE72D125DC92470096841D /* flixsterUITests.xctest */,
			);
			name = Products;
			sourceTree = "<group>";
		};
		9CAE72B225DC92460096841D /* flixster */ = {
			isa = PBXGroup;
			children = (
				9CAE72B325DC92460096841D /* AppDelegate.swift */,
				9CAE72B525DC92460096841D /* SceneDelegate.swift */,
				9CAE72B925DC92460096841D /* Main.storyboard */,
				9CAE72EE25DCBBAB0096841D /* MovieCell.swift */,
				9CAE72BC25DC92470096841D /* Assets.xcassets */,
				9CAE72BE25DC92470096841D /* LaunchScreen.storyboard */,
				9CAE72C125DC92470096841D /* Info.plist */,
				9CAE72E925DC989E0096841D /* MoviesViewController.swift */,
			);
			path = flixster;
			sourceTree = "<group>";
		};
		9CAE72C925DC92470096841D /* flixsterTests */ = {
			isa = PBXGroup;
			children = (
				9CAE72CA25DC92470096841D /* flixsterTests.swift */,
				9CAE72CC25DC92470096841D /* Info.plist */,
			);
			path = flixsterTests;
			sourceTree = "<group>";
		};
		9CAE72D425DC92470096841D /* flixsterUITests */ = {
			isa = PBXGroup;
			children = (
				9CAE72D525DC92470096841D /* flixsterUITests.swift */,
				9CAE72D725DC92470096841D /* Info.plist */,
			);
			path = flixsterUITests;
			sourceTree = "<group>";
		};
		B2568D81734323796F81ACF5 /* Pods */ = {
			isa = PBXGroup;
			children = (
				C664C29EAE7F167DAB641E52 /* Pods-flixster.debug.xcconfig */,
				9BE6F7465359D2CC6115ECBB /* Pods-flixster.release.xcconfig */,
				FE4EE1F7B8957D2E6B367A1D /* Pods-flixster-flixsterUITests.debug.xcconfig */,
				6020872D098B249D157A0D56 /* Pods-flixster-flixsterUITests.release.xcconfig */,
				7DF74F4261FAF2A0A08BE838 /* Pods-flixsterTests.debug.xcconfig */,
				A1C124276971CBDEA936D989 /* Pods-flixsterTests.release.xcconfig */,
			);
			path = Pods;
			sourceTree = "<group>";
		};
		E3591D37A440FD5BEFBF666D /* Frameworks */ = {
			isa = PBXGroup;
			children = (
				6CAF5D5FC1C9F91AB28034C4 /* Pods_flixster.framework */,
				A8EDCF3924B19B1C690C20D3 /* Pods_flixster_flixsterUITests.framework */,
				DA96BABCEB632015B58D3C63 /* Pods_flixsterTests.framework */,
			);
			name = Frameworks;
			sourceTree = "<group>";
		};
/* End PBXGroup section */

/* Begin PBXNativeTarget section */
		9CAE72AF25DC92460096841D /* flixster */ = {
			isa = PBXNativeTarget;
			buildConfigurationList = 9CAE72DA25DC92470096841D /* Build configuration list for PBXNativeTarget "flixster" */;
			buildPhases = (
				78E7024A06787E469D986716 /* [CP] Check Pods Manifest.lock */,
				9CAE72AC25DC92460096841D /* Sources */,
				9CAE72AD25DC92460096841D /* Frameworks */,
				9CAE72AE25DC92460096841D /* Resources */,
				07D237C2690C33F78A2CB64B /* [CP] Embed Pods Frameworks */,
			);
			buildRules = (
			);
			dependencies = (
			);
			name = flixster;
			productName = flixster;
			productReference = 9CAE72B025DC92460096841D /* flixster.app */;
			productType = "com.apple.product-type.application";
		};
		9CAE72C525DC92470096841D /* flixsterTests */ = {
			isa = PBXNativeTarget;
			buildConfigurationList = 9CAE72DD25DC92470096841D /* Build configuration list for PBXNativeTarget "flixsterTests" */;
			buildPhases = (
				04166D4E445E28E6C1EB3B3B /* [CP] Check Pods Manifest.lock */,
				9CAE72C225DC92470096841D /* Sources */,
				9CAE72C325DC92470096841D /* Frameworks */,
				9CAE72C425DC92470096841D /* Resources */,
			);
			buildRules = (
			);
			dependencies = (
				9CAE72C825DC92470096841D /* PBXTargetDependency */,
			);
			name = flixsterTests;
			productName = flixsterTests;
			productReference = 9CAE72C625DC92470096841D /* flixsterTests.xctest */;
			productType = "com.apple.product-type.bundle.unit-test";
		};
		9CAE72D025DC92470096841D /* flixsterUITests */ = {
			isa = PBXNativeTarget;
			buildConfigurationList = 9CAE72E025DC92470096841D /* Build configuration list for PBXNativeTarget "flixsterUITests" */;
			buildPhases = (
				A68A84EFDEB33008293031DA /* [CP] Check Pods Manifest.lock */,
				9CAE72CD25DC92470096841D /* Sources */,
				9CAE72CE25DC92470096841D /* Frameworks */,
				9CAE72CF25DC92470096841D /* Resources */,
				84CB6BEB6F671815F1C6666F /* [CP] Embed Pods Frameworks */,
			);
			buildRules = (
			);
			dependencies = (
				9CAE72D325DC92470096841D /* PBXTargetDependency */,
			);
			name = flixsterUITests;
			productName = flixsterUITests;
			productReference = 9CAE72D125DC92470096841D /* flixsterUITests.xctest */;
			productType = "com.apple.product-type.bundle.ui-testing";
		};
/* End PBXNativeTarget section */

/* Begin PBXProject section */
		9CAE72A825DC92460096841D /* Project object */ = {
			isa = PBXProject;
			attributes = {
				LastSwiftUpdateCheck = 1230;
				LastUpgradeCheck = 1230;
				TargetAttributes = {
					9CAE72AF25DC92460096841D = {
						CreatedOnToolsVersion = 12.3;
					};
					9CAE72C525DC92470096841D = {
						CreatedOnToolsVersion = 12.3;
						TestTargetID = 9CAE72AF25DC92460096841D;
					};
					9CAE72D025DC92470096841D = {
						CreatedOnToolsVersion = 12.3;
						TestTargetID = 9CAE72AF25DC92460096841D;
					};
				};
			};
			buildConfigurationList = 9CAE72AB25DC92460096841D /* Build configuration list for PBXProject "flixster" */;
			compatibilityVersion = "Xcode 9.3";
			developmentRegion = en;
			hasScannedForEncodings = 0;
			knownRegions = (
				en,
				Base,
			);
			mainGroup = 9CAE72A725DC92460096841D;
			productRefGroup = 9CAE72B125DC92460096841D /* Products */;
			projectDirPath = "";
			projectRoot = "";
			targets = (
				9CAE72AF25DC92460096841D /* flixster */,
				9CAE72C525DC92470096841D /* flixsterTests */,
				9CAE72D025DC92470096841D /* flixsterUITests */,
			);
		};
/* End PBXProject section */

/* Begin PBXResourcesBuildPhase section */
		9CAE72AE25DC92460096841D /* Resources */ = {
			isa = PBXResourcesBuildPhase;
			buildActionMask = 2147483647;
			files = (
				9CAE72C025DC92470096841D /* LaunchScreen.storyboard in Resources */,
				9CAE72BD25DC92470096841D /* Assets.xcassets in Resources */,
				9CAE72BB25DC92460096841D /* Main.storyboard in Resources */,
			);
			runOnlyForDeploymentPostprocessing = 0;
		};
		9CAE72C425DC92470096841D /* Resources */ = {
			isa = PBXResourcesBuildPhase;
			buildActionMask = 2147483647;
			files = (
			);
			runOnlyForDeploymentPostprocessing = 0;
		};
		9CAE72CF25DC92470096841D /* Resources */ = {
			isa = PBXResourcesBuildPhase;
			buildActionMask = 2147483647;
			files = (
			);
			runOnlyForDeploymentPostprocessing = 0;
		};
/* End PBXResourcesBuildPhase section */

/* Begin PBXShellScriptBuildPhase section */
		04166D4E445E28E6C1EB3B3B /* [CP] Check Pods Manifest.lock */ = {
			isa = PBXShellScriptBuildPhase;
			buildActionMask = 2147483647;
			files = (
			);
			inputFileListPaths = (
			);
			inputPaths = (
				"${PODS_PODFILE_DIR_PATH}/Podfile.lock",
				"${PODS_ROOT}/Manifest.lock",
			);
			name = "[CP] Check Pods Manifest.lock";
			outputFileListPaths = (
			);
			outputPaths = (
				"$(DERIVED_FILE_DIR)/Pods-flixsterTests-checkManifestLockResult.txt",
			);
			runOnlyForDeploymentPostprocessing = 0;
			shellPath = /bin/sh;
			shellScript = "diff \"${PODS_PODFILE_DIR_PATH}/Podfile.lock\" \"${PODS_ROOT}/Manifest.lock\" > /dev/null\nif [ $? != 0 ] ; then\n    # print error to STDERR\n    echo \"error: The sandbox is not in sync with the Podfile.lock. Run 'pod install' or update your CocoaPods installation.\" >&2\n    exit 1\nfi\n# This output is used by Xcode 'outputs' to avoid re-running this script phase.\necho \"SUCCESS\" > \"${SCRIPT_OUTPUT_FILE_0}\"\n";
			showEnvVarsInLog = 0;
		};
		07D237C2690C33F78A2CB64B /* [CP] Embed Pods Frameworks */ = {
			isa = PBXShellScriptBuildPhase;
			buildActionMask = 2147483647;
			files = (
			);
			inputFileListPaths = (
				"${PODS_ROOT}/Target Support Files/Pods-flixster/Pods-flixster-frameworks-${CONFIGURATION}-input-files.xcfilelist",
			);
			name = "[CP] Embed Pods Frameworks";
			outputFileListPaths = (
				"${PODS_ROOT}/Target Support Files/Pods-flixster/Pods-flixster-frameworks-${CONFIGURATION}-output-files.xcfilelist",
			);
			runOnlyForDeploymentPostprocessing = 0;
			shellPath = /bin/sh;
			shellScript = "\"${PODS_ROOT}/Target Support Files/Pods-flixster/Pods-flixster-frameworks.sh\"\n";
			showEnvVarsInLog = 0;
		};
		78E7024A06787E469D986716 /* [CP] Check Pods Manifest.lock */ = {
			isa = PBXShellScriptBuildPhase;
			buildActionMask = 2147483647;
			files = (
			);
			inputFileListPaths = (
			);
			inputPaths = (
				"${PODS_PODFILE_DIR_PATH}/Podfile.lock",
				"${PODS_ROOT}/Manifest.lock",
			);
			name = "[CP] Check Pods Manifest.lock";
			outputFileListPaths = (
			);
			outputPaths = (
				"$(DERIVED_FILE_DIR)/Pods-flixster-checkManifestLockResult.txt",
			);
			runOnlyForDeploymentPostprocessing = 0;
			shellPath = /bin/sh;
			shellScript = "diff \"${PODS_PODFILE_DIR_PATH}/Podfile.lock\" \"${PODS_ROOT}/Manifest.lock\" > /dev/null\nif [ $? != 0 ] ; then\n    # print error to STDERR\n    echo \"error: The sandbox is not in sync with the Podfile.lock. Run 'pod install' or update your CocoaPods installation.\" >&2\n    exit 1\nfi\n# This output is used by Xcode 'outputs' to avoid re-running this script phase.\necho \"SUCCESS\" > \"${SCRIPT_OUTPUT_FILE_0}\"\n";
			showEnvVarsInLog = 0;
		};
		84CB6BEB6F671815F1C6666F /* [CP] Embed Pods Frameworks */ = {
			isa = PBXShellScriptBuildPhase;
			buildActionMask = 2147483647;
			files = (
			);
			inputFileListPaths = (
				"${PODS_ROOT}/Target Support Files/Pods-flixster-flixsterUITests/Pods-flixster-flixsterUITests-frameworks-${CONFIGURATION}-input-files.xcfilelist",
			);
			name = "[CP] Embed Pods Frameworks";
			outputFileListPaths = (
				"${PODS_ROOT}/Target Support Files/Pods-flixster-flixsterUITests/Pods-flixster-flixsterUITests-frameworks-${CONFIGURATION}-output-files.xcfilelist",
			);
			runOnlyForDeploymentPostprocessing = 0;
			shellPath = /bin/sh;
			shellScript = "\"${PODS_ROOT}/Target Support Files/Pods-flixster-flixsterUITests/Pods-flixster-flixsterUITests-frameworks.sh\"\n";
			showEnvVarsInLog = 0;
		};
		A68A84EFDEB33008293031DA /* [CP] Check Pods Manifest.lock */ = {
			isa = PBXShellScriptBuildPhase;
			buildActionMask = 2147483647;
			files = (
			);
			inputFileListPaths = (
			);
			inputPaths = (
				"${PODS_PODFILE_DIR_PATH}/Podfile.lock",
				"${PODS_ROOT}/Manifest.lock",
			);
			name = "[CP] Check Pods Manifest.lock";
			outputFileListPaths = (
			);
			outputPaths = (
				"$(DERIVED_FILE_DIR)/Pods-flixster-flixsterUITests-checkManifestLockResult.txt",
			);
			runOnlyForDeploymentPostprocessing = 0;
			shellPath = /bin/sh;
			shellScript = "diff \"${PODS_PODFILE_DIR_PATH}/Podfile.lock\" \"${PODS_ROOT}/Manifest.lock\" > /dev/null\nif [ $? != 0 ] ; then\n    # print error to STDERR\n    echo \"error: The sandbox is not in sync with the Podfile.lock. Run 'pod install' or update your CocoaPods installation.\" >&2\n    exit 1\nfi\n# This output is used by Xcode 'outputs' to avoid re-running this script phase.\necho \"SUCCESS\" > \"${SCRIPT_OUTPUT_FILE_0}\"\n";
			showEnvVarsInLog = 0;
		};
/* End PBXShellScriptBuildPhase section */

/* Begin PBXSourcesBuildPhase section */
		9CAE72AC25DC92460096841D /* Sources */ = {
			isa = PBXSourcesBuildPhase;
			buildActionMask = 2147483647;
			files = (
				9CAE72B425DC92460096841D /* AppDelegate.swift in Sources */,
				9CAE72B625DC92460096841D /* SceneDelegate.swift in Sources */,
				9CAE72EF25DCBBAB0096841D /* MovieCell.swift in Sources */,
				9CAE72EA25DC989E0096841D /* MoviesViewController.swift in Sources */,
			);
			runOnlyForDeploymentPostprocessing = 0;
		};
		9CAE72C225DC92470096841D /* Sources */ = {
			isa = PBXSourcesBuildPhase;
			buildActionMask = 2147483647;
			files = (
				9CAE72CB25DC92470096841D /* flixsterTests.swift in Sources */,
			);
			runOnlyForDeploymentPostprocessing = 0;
		};
		9CAE72CD25DC92470096841D /* Sources */ = {
			isa = PBXSourcesBuildPhase;
			buildActionMask = 2147483647;
			files = (
				9CAE72D625DC92470096841D /* flixsterUITests.swift in Sources */,
			);
			runOnlyForDeploymentPostprocessing = 0;
		};
/* End PBXSourcesBuildPhase section */

/* Begin PBXTargetDependency section */
		9CAE72C825DC92470096841D /* PBXTargetDependency */ = {
			isa = PBXTargetDependency;
			target = 9CAE72AF25DC92460096841D /* flixster */;
			targetProxy = 9CAE72C725DC92470096841D /* PBXContainerItemProxy */;
		};
		9CAE72D325DC92470096841D /* PBXTargetDependency */ = {
			isa = PBXTargetDependency;
			target = 9CAE72AF25DC92460096841D /* flixster */;
			targetProxy = 9CAE72D225DC92470096841D /* PBXContainerItemProxy */;
		};
/* End PBXTargetDependency section */

/* Begin PBXVariantGroup section */
		9CAE72B925DC92460096841D /* Main.storyboard */ = {
			isa = PBXVariantGroup;
			children = (
				9CAE72BA25DC92460096841D /* Base */,
			);
			name = Main.storyboard;
			sourceTree = "<group>";
		};
		9CAE72BE25DC92470096841D /* LaunchScreen.storyboard */ = {
			isa = PBXVariantGroup;
			children = (
				9CAE72BF25DC92470096841D /* Base */,
			);
			name = LaunchScreen.storyboard;
			sourceTree = "<group>";
		};
/* End PBXVariantGroup section */

/* Begin XCBuildConfiguration section */
		9CAE72D825DC92470096841D /* Debug */ = {
			isa = XCBuildConfiguration;
			buildSettings = {
				ALWAYS_SEARCH_USER_PATHS = NO;
				CLANG_ANALYZER_NONNULL = YES;
				CLANG_ANALYZER_NUMBER_OBJECT_CONVERSION = YES_AGGRESSIVE;
				CLANG_CXX_LANGUAGE_STANDARD = "gnu++14";
				CLANG_CXX_LIBRARY = "libc++";
				CLANG_ENABLE_MODULES = YES;
				CLANG_ENABLE_OBJC_ARC = YES;
				CLANG_ENABLE_OBJC_WEAK = YES;
				CLANG_WARN_BLOCK_CAPTURE_AUTORELEASING = YES;
				CLANG_WARN_BOOL_CONVERSION = YES;
				CLANG_WARN_COMMA = YES;
				CLANG_WARN_CONSTANT_CONVERSION = YES;
				CLANG_WARN_DEPRECATED_OBJC_IMPLEMENTATIONS = YES;
				CLANG_WARN_DIRECT_OBJC_ISA_USAGE = YES_ERROR;
				CLANG_WARN_DOCUMENTATION_COMMENTS = YES;
				CLANG_WARN_EMPTY_BODY = YES;
				CLANG_WARN_ENUM_CONVERSION = YES;
				CLANG_WARN_INFINITE_RECURSION = YES;
				CLANG_WARN_INT_CONVERSION = YES;
				CLANG_WARN_NON_LITERAL_NULL_CONVERSION = YES;
				CLANG_WARN_OBJC_IMPLICIT_RETAIN_SELF = YES;
				CLANG_WARN_OBJC_LITERAL_CONVERSION = YES;
				CLANG_WARN_OBJC_ROOT_CLASS = YES_ERROR;
				CLANG_WARN_QUOTED_INCLUDE_IN_FRAMEWORK_HEADER = YES;
				CLANG_WARN_RANGE_LOOP_ANALYSIS = YES;
				CLANG_WARN_STRICT_PROTOTYPES = YES;
				CLANG_WARN_SUSPICIOUS_MOVE = YES;
				CLANG_WARN_UNGUARDED_AVAILABILITY = YES_AGGRESSIVE;
				CLANG_WARN_UNREACHABLE_CODE = YES;
				CLANG_WARN__DUPLICATE_METHOD_MATCH = YES;
				COPY_PHASE_STRIP = NO;
				DEBUG_INFORMATION_FORMAT = dwarf;
				ENABLE_STRICT_OBJC_MSGSEND = YES;
				ENABLE_TESTABILITY = YES;
				GCC_C_LANGUAGE_STANDARD = gnu11;
				GCC_DYNAMIC_NO_PIC = NO;
				GCC_NO_COMMON_BLOCKS = YES;
				GCC_OPTIMIZATION_LEVEL = 0;
				GCC_PREPROCESSOR_DEFINITIONS = (
					"DEBUG=1",
					"$(inherited)",
				);
				GCC_WARN_64_TO_32_BIT_CONVERSION = YES;
				GCC_WARN_ABOUT_RETURN_TYPE = YES_ERROR;
				GCC_WARN_UNDECLARED_SELECTOR = YES;
				GCC_WARN_UNINITIALIZED_AUTOS = YES_AGGRESSIVE;
				GCC_WARN_UNUSED_FUNCTION = YES;
				GCC_WARN_UNUSED_VARIABLE = YES;
				IPHONEOS_DEPLOYMENT_TARGET = 14.3;
				MTL_ENABLE_DEBUG_INFO = INCLUDE_SOURCE;
				MTL_FAST_MATH = YES;
				ONLY_ACTIVE_ARCH = YES;
				SDKROOT = iphoneos;
				SWIFT_ACTIVE_COMPILATION_CONDITIONS = DEBUG;
				SWIFT_OPTIMIZATION_LEVEL = "-Onone";
			};
			name = Debug;
		};
		9CAE72D925DC92470096841D /* Release */ = {
			isa = XCBuildConfiguration;
			buildSettings = {
				ALWAYS_SEARCH_USER_PATHS = NO;
				CLANG_ANALYZER_NONNULL = YES;
				CLANG_ANALYZER_NUMBER_OBJECT_CONVERSION = YES_AGGRESSIVE;
				CLANG_CXX_LANGUAGE_STANDARD = "gnu++14";
				CLANG_CXX_LIBRARY = "libc++";
				CLANG_ENABLE_MODULES = YES;
				CLANG_ENABLE_OBJC_ARC = YES;
				CLANG_ENABLE_OBJC_WEAK = YES;
				CLANG_WARN_BLOCK_CAPTURE_AUTORELEASING = YES;
				CLANG_WARN_BOOL_CONVERSION = YES;
				CLANG_WARN_COMMA = YES;
				CLANG_WARN_CONSTANT_CONVERSION = YES;
				CLANG_WARN_DEPRECATED_OBJC_IMPLEMENTATIONS = YES;
				CLANG_WARN_DIRECT_OBJC_ISA_USAGE = YES_ERROR;
				CLANG_WARN_DOCUMENTATION_COMMENTS = YES;
				CLANG_WARN_EMPTY_BODY = YES;
				CLANG_WARN_ENUM_CONVERSION = YES;
				CLANG_WARN_INFINITE_RECURSION = YES;
				CLANG_WARN_INT_CONVERSION = YES;
				CLANG_WARN_NON_LITERAL_NULL_CONVERSION = YES;
				CLANG_WARN_OBJC_IMPLICIT_RETAIN_SELF = YES;
				CLANG_WARN_OBJC_LITERAL_CONVERSION = YES;
				CLANG_WARN_OBJC_ROOT_CLASS = YES_ERROR;
				CLANG_WARN_QUOTED_INCLUDE_IN_FRAMEWORK_HEADER = YES;
				CLANG_WARN_RANGE_LOOP_ANALYSIS = YES;
				CLANG_WARN_STRICT_PROTOTYPES = YES;
				CLANG_WARN_SUSPICIOUS_MOVE = YES;
				CLANG_WARN_UNGUARDED_AVAILABILITY = YES_AGGRESSIVE;
				CLANG_WARN_UNREACHABLE_CODE = YES;
				CLANG_WARN__DUPLICATE_METHOD_MATCH = YES;
				COPY_PHASE_STRIP = NO;
				DEBUG_INFORMATION_FORMAT = "dwarf-with-dsym";
				ENABLE_NS_ASSERTIONS = NO;
				ENABLE_STRICT_OBJC_MSGSEND = YES;
				GCC_C_LANGUAGE_STANDARD = gnu11;
				GCC_NO_COMMON_BLOCKS = YES;
				GCC_WARN_64_TO_32_BIT_CONVERSION = YES;
				GCC_WARN_ABOUT_RETURN_TYPE = YES_ERROR;
				GCC_WARN_UNDECLARED_SELECTOR = YES;
				GCC_WARN_UNINITIALIZED_AUTOS = YES_AGGRESSIVE;
				GCC_WARN_UNUSED_FUNCTION = YES;
				GCC_WARN_UNUSED_VARIABLE = YES;
				IPHONEOS_DEPLOYMENT_TARGET = 14.3;
				MTL_ENABLE_DEBUG_INFO = NO;
				MTL_FAST_MATH = YES;
				SDKROOT = iphoneos;
				SWIFT_COMPILATION_MODE = wholemodule;
				SWIFT_OPTIMIZATION_LEVEL = "-O";
				VALIDATE_PRODUCT = YES;
			};
			name = Release;
		};
		9CAE72DB25DC92470096841D /* Debug */ = {
			isa = XCBuildConfiguration;
			baseConfigurationReference = C664C29EAE7F167DAB641E52 /* Pods-flixster.debug.xcconfig */;
			buildSettings = {
				ASSETCATALOG_COMPILER_APPICON_NAME = AppIcon;
				ASSETCATALOG_COMPILER_GLOBAL_ACCENT_COLOR_NAME = AccentColor;
				CODE_SIGN_STYLE = Automatic;
				DEVELOPMENT_TEAM = "";
				INFOPLIST_FILE = flixster/Info.plist;
				LD_RUNPATH_SEARCH_PATHS = (
					"$(inherited)",
					"@executable_path/Frameworks",
				);
				PRODUCT_BUNDLE_IDENTIFIER = memo.com.flixster;
				PRODUCT_NAME = "$(TARGET_NAME)";
				SWIFT_VERSION = 5.0;
				TARGETED_DEVICE_FAMILY = "1,2";
			};
			name = Debug;
		};
		9CAE72DC25DC92470096841D /* Release */ = {
			isa = XCBuildConfiguration;
			baseConfigurationReference = 9BE6F7465359D2CC6115ECBB /* Pods-flixster.release.xcconfig */;
			buildSettings = {
				ASSETCATALOG_COMPILER_APPICON_NAME = AppIcon;
				ASSETCATALOG_COMPILER_GLOBAL_ACCENT_COLOR_NAME = AccentColor;
				CODE_SIGN_STYLE = Automatic;
				DEVELOPMENT_TEAM = "";
				INFOPLIST_FILE = flixster/Info.plist;
				LD_RUNPATH_SEARCH_PATHS = (
					"$(inherited)",
					"@executable_path/Frameworks",
				);
				PRODUCT_BUNDLE_IDENTIFIER = memo.com.flixster;
				PRODUCT_NAME = "$(TARGET_NAME)";
				SWIFT_VERSION = 5.0;
				TARGETED_DEVICE_FAMILY = "1,2";
			};
			name = Release;
		};
		9CAE72DE25DC92470096841D /* Debug */ = {
			isa = XCBuildConfiguration;
			baseConfigurationReference = 7DF74F4261FAF2A0A08BE838 /* Pods-flixsterTests.debug.xcconfig */;
			buildSettings = {
				ALWAYS_EMBED_SWIFT_STANDARD_LIBRARIES = YES;
				BUNDLE_LOADER = "$(TEST_HOST)";
				CODE_SIGN_STYLE = Automatic;
				INFOPLIST_FILE = flixsterTests/Info.plist;
				IPHONEOS_DEPLOYMENT_TARGET = 14.3;
				LD_RUNPATH_SEARCH_PATHS = (
					"$(inherited)",
					"@executable_path/Frameworks",
					"@loader_path/Frameworks",
				);
				PRODUCT_BUNDLE_IDENTIFIER = memo.com.flixsterTests;
				PRODUCT_NAME = "$(TARGET_NAME)";
				SWIFT_VERSION = 5.0;
				TARGETED_DEVICE_FAMILY = "1,2";
				TEST_HOST = "$(BUILT_PRODUCTS_DIR)/flixster.app/flixster";
			};
			name = Debug;
		};
		9CAE72DF25DC92470096841D /* Release */ = {
			isa = XCBuildConfiguration;
			baseConfigurationReference = A1C124276971CBDEA936D989 /* Pods-flixsterTests.release.xcconfig */;
			buildSettings = {
				ALWAYS_EMBED_SWIFT_STANDARD_LIBRARIES = YES;
				BUNDLE_LOADER = "$(TEST_HOST)";
				CODE_SIGN_STYLE = Automatic;
				INFOPLIST_FILE = flixsterTests/Info.plist;
				IPHONEOS_DEPLOYMENT_TARGET = 14.3;
				LD_RUNPATH_SEARCH_PATHS = (
					"$(inherited)",
					"@executable_path/Frameworks",
					"@loader_path/Frameworks",
				);
				PRODUCT_BUNDLE_IDENTIFIER = memo.com.flixsterTests;
				PRODUCT_NAME = "$(TARGET_NAME)";
				SWIFT_VERSION = 5.0;
				TARGETED_DEVICE_FAMILY = "1,2";
				TEST_HOST = "$(BUILT_PRODUCTS_DIR)/flixster.app/flixster";
			};
			name = Release;
		};
		9CAE72E125DC92470096841D /* Debug */ = {
			isa = XCBuildConfiguration;
			baseConfigurationReference = FE4EE1F7B8957D2E6B367A1D /* Pods-flixster-flixsterUITests.debug.xcconfig */;
			buildSettings = {
				ALWAYS_EMBED_SWIFT_STANDARD_LIBRARIES = YES;
				CODE_SIGN_STYLE = Automatic;
				INFOPLIST_FILE = flixsterUITests/Info.plist;
				LD_RUNPATH_SEARCH_PATHS = (
					"$(inherited)",
					"@executable_path/Frameworks",
					"@loader_path/Frameworks",
				);
				PRODUCT_BUNDLE_IDENTIFIER = memo.com.flixsterUITests;
				PRODUCT_NAME = "$(TARGET_NAME)";
				SWIFT_VERSION = 5.0;
				TARGETED_DEVICE_FAMILY = "1,2";
				TEST_TARGET_NAME = flixster;
			};
			name = Debug;
		};
		9CAE72E225DC92470096841D /* Release */ = {
			isa = XCBuildConfiguration;
			baseConfigurationReference = 6020872D098B249D157A0D56 /* Pods-flixster-flixsterUITests.release.xcconfig */;
			buildSettings = {
				ALWAYS_EMBED_SWIFT_STANDARD_LIBRARIES = YES;
				CODE_SIGN_STYLE = Automatic;
				INFOPLIST_FILE = flixsterUITests/Info.plist;
				LD_RUNPATH_SEARCH_PATHS = (
					"$(inherited)",
					"@executable_path/Frameworks",
					"@loader_path/Frameworks",
				);
				PRODUCT_BUNDLE_IDENTIFIER = memo.com.flixsterUITests;
				PRODUCT_NAME = "$(TARGET_NAME)";
				SWIFT_VERSION = 5.0;
				TARGETED_DEVICE_FAMILY = "1,2";
				TEST_TARGET_NAME = flixster;
			};
			name = Release;
		};
/* End XCBuildConfiguration section */

/* Begin XCConfigurationList section */
		9CAE72AB25DC92460096841D /* Build configuration list for PBXProject "flixster" */ = {
			isa = XCConfigurationList;
			buildConfigurations = (
				9CAE72D825DC92470096841D /* Debug */,
				9CAE72D925DC92470096841D /* Release */,
			);
			defaultConfigurationIsVisible = 0;
			defaultConfigurationName = Release;
		};
		9CAE72DA25DC92470096841D /* Build configuration list for PBXNativeTarget "flixster" */ = {
			isa = XCConfigurationList;
			buildConfigurations = (
				9CAE72DB25DC92470096841D /* Debug */,
				9CAE72DC25DC92470096841D /* Release */,
			);
			defaultConfigurationIsVisible = 0;
			defaultConfigurationName = Release;
		};
		9CAE72DD25DC92470096841D /* Build configuration list for PBXNativeTarget "flixsterTests" */ = {
			isa = XCConfigurationList;
			buildConfigurations = (
				9CAE72DE25DC92470096841D /* Debug */,
				9CAE72DF25DC92470096841D /* Release */,
			);
			defaultConfigurationIsVisible = 0;
			defaultConfigurationName = Release;
		};
		9CAE72E025DC92470096841D /* Build configuration list for PBXNativeTarget "flixsterUITests" */ = {
			isa = XCConfigurationList;
			buildConfigurations = (
				9CAE72E125DC92470096841D /* Debug */,
				9CAE72E225DC92470096841D /* Release */,
			);
			defaultConfigurationIsVisible = 0;
			defaultConfigurationName = Release;
		};
/* End XCConfigurationList section */
	};
	rootObject = 9CAE72A825DC92460096841D /* Project object */;
}
